
Microsoft Visual Studio Solution File, Format Version 12.00
# Visual Studio Version 16
VisualStudioVersion = 16.0.29503.13
MinimumVisualStudioVersion = 10.0.40219.1
Project("{9A19103F-16F7-4668-BE54-9A1E7A4F7556}") = "RabbitPractice.Send", "src\RabbitPractice.Send\RabbitPractice.Send.csproj", "{F0D5EE9A-2E07-476E-95F8-6274E38235AA}"
EndProject
Project("{FAE04EC0-301F-11D3-BF4B-00C04F79EFBC}") = "RabbitPractice.Receive", "src\RabbitPractice.Receive\RabbitPractice.Receive.csproj", "{E5020FE2-6A1B-4647-94EE-2F53815AFACA}"
EndProject
Global
	GlobalSection(SolutionConfigurationPlatforms) = preSolution
		Debug|Any CPU = Debug|Any CPU
		Release|Any CPU = Release|Any CPU
	EndGlobalSection
	GlobalSection(ProjectConfigurationPlatforms) = postSolution
		{F0D5EE9A-2E07-476E-95F8-6274E38235AA}.Debug|Any CPU.ActiveCfg = Debug|Any CPU
		{F0D5EE9A-2E07-476E-95F8-6274E38235AA}.Debug|Any CPU.Build.0 = Debug|Any CPU
		{F0D5EE9A-2E07-476E-95F8-6274E38235AA}.Release|Any CPU.ActiveCfg = Release|Any CPU
		{F0D5EE9A-2E07-476E-95F8-6274E38235AA}.Release|Any CPU.Build.0 = Release|Any CPU
		{E5020FE2-6A1B-4647-94EE-2F53815AFACA}.Debug|Any CPU.ActiveCfg = Debug|Any CPU
		{E5020FE2-6A1B-4647-94EE-2F53815AFACA}.Debug|Any CPU.Build.0 = Debug|Any CPU
		{E5020FE2-6A1B-4647-94EE-2F53815AFACA}.Release|Any CPU.ActiveCfg = Release|Any CPU
		{E5020FE2-6A1B-4647-94EE-2F53815AFACA}.Release|Any CPU.Build.0 = Release|Any CPU
	EndGlobalSection
	GlobalSection(SolutionProperties) = preSolution
		HideSolutionNode = FALSE
	EndGlobalSection
	GlobalSection(ExtensibilityGlobals) = postSolution
		SolutionGuid = {B96FB7EF-CA39-4A27-B98C-1CC6A342FE7B}
	EndGlobalSection
EndGlobal
